
Microsoft Visual Studio Solution File, Format Version 12.00
# Visual Studio Version 16
VisualStudioVersion = 16.0.29911.84
MinimumVisualStudioVersion = 10.0.40219.1
Project("{9A19103F-16F7-4668-BE54-9A1E7A4F7556}") = "MVCExercise", "MVCExercise\MVCExercise.csproj", "{AF23E7B5-6A67-4375-AAEC-5E10E66A5D97}"
EndProject
Global
	GlobalSection(SolutionConfigurationPlatforms) = preSolution
		Debug|Any CPU = Debug|Any CPU
		Release|Any CPU = Release|Any CPU
	EndGlobalSection
	GlobalSection(ProjectConfigurationPlatforms) = postSolution
		{AF23E7B5-6A67-4375-AAEC-5E10E66A5D97}.Debug|Any CPU.ActiveCfg = Debug|Any CPU
		{AF23E7B5-6A67-4375-AAEC-5E10E66A5D97}.Debug|Any CPU.Build.0 = Debug|Any CPU
		{AF23E7B5-6A67-4375-AAEC-5E10E66A5D97}.Release|Any CPU.ActiveCfg = Release|Any CPU
		{AF23E7B5-6A67-4375-AAEC-5E10E66A5D97}.Release|Any CPU.Build.0 = Release|Any CPU
	EndGlobalSection
	GlobalSection(SolutionProperties) = preSolution
		HideSolutionNode = FALSE
	EndGlobalSection
	GlobalSection(ExtensibilityGlobals) = postSolution
		SolutionGuid = {6BA3E527-65B8-44C7-B6DA-84C9D2FCA859}
	EndGlobalSection
EndGlobal
